// !$*UTF8*$!
{
	archiveVersion = 1;
	classes = {
	};
	objectVersion = 55;
	objects = {

/* Begin PBXBuildFile section */
		E52B91532828ECBB0037B737 /* PiecesView.swift in Sources */ = {isa = PBXBuildFile; fileRef = E52B91522828ECBB0037B737 /* PiecesView.swift */; };
		E52B91562828F3520037B737 /* SwiftChess in Frameworks */ = {isa = PBXBuildFile; productRef = E52B91552828F3520037B737 /* SwiftChess */; };
		E52B91592828F3650037B737 /* SwiftSpeech in Frameworks */ = {isa = PBXBuildFile; productRef = E52B91582828F3650037B737 /* SwiftSpeech */; };
		E592A58D283232CC007FE4DC /* PieceView.swift in Sources */ = {isa = PBXBuildFile; fileRef = E592A58C283232CC007FE4DC /* PieceView.swift */; };
		E5D615C5283B64F200AEC3A2 /* ChessboardView.swift in Sources */ = {isa = PBXBuildFile; fileRef = E5D615C4283B64F200AEC3A2 /* ChessboardView.swift */; };
		E5D615C7283B667A00AEC3A2 /* Chessboard.swift in Sources */ = {isa = PBXBuildFile; fileRef = E5D615C6283B667A00AEC3A2 /* Chessboard.swift */; };
		E5D615CB283B72A100AEC3A2 /* SpeechView.swift in Sources */ = {isa = PBXBuildFile; fileRef = E5D615CA283B72A100AEC3A2 /* SpeechView.swift */; };
		ED2132172815FD6B00EC47A8 /* BlindfoldChessApp.swift in Sources */ = {isa = PBXBuildFile; fileRef = ED2132162815FD6B00EC47A8 /* BlindfoldChessApp.swift */; };
		ED2132192815FD6B00EC47A8 /* ContentView.swift in Sources */ = {isa = PBXBuildFile; fileRef = ED2132182815FD6B00EC47A8 /* ContentView.swift */; };
		ED21321B2815FD6D00EC47A8 /* Assets.xcassets in Resources */ = {isa = PBXBuildFile; fileRef = ED21321A2815FD6D00EC47A8 /* Assets.xcassets */; };
		ED21321E2815FD6D00EC47A8 /* Preview Assets.xcassets in Resources */ = {isa = PBXBuildFile; fileRef = ED21321D2815FD6D00EC47A8 /* Preview Assets.xcassets */; };
/* End PBXBuildFile section */

/* Begin PBXFileReference section */
		E52B91522828ECBB0037B737 /* PiecesView.swift */ = {isa = PBXFileReference; lastKnownFileType = sourcecode.swift; path = PiecesView.swift; sourceTree = "<group>"; };
		E592A58C283232CC007FE4DC /* PieceView.swift */ = {isa = PBXFileReference; lastKnownFileType = sourcecode.swift; path = PieceView.swift; sourceTree = "<group>"; };
		E5D615C4283B64F200AEC3A2 /* ChessboardView.swift */ = {isa = PBXFileReference; lastKnownFileType = sourcecode.swift; path = ChessboardView.swift; sourceTree = "<group>"; };
		E5D615C6283B667A00AEC3A2 /* Chessboard.swift */ = {isa = PBXFileReference; lastKnownFileType = sourcecode.swift; path = Chessboard.swift; sourceTree = "<group>"; };
		E5D615CA283B72A100AEC3A2 /* SpeechView.swift */ = {isa = PBXFileReference; lastKnownFileType = sourcecode.swift; path = SpeechView.swift; sourceTree = "<group>"; };
		ED2132132815FD6B00EC47A8 /* BlindfoldChess.app */ = {isa = PBXFileReference; explicitFileType = wrapper.application; includeInIndex = 0; path = BlindfoldChess.app; sourceTree = BUILT_PRODUCTS_DIR; };
		ED2132162815FD6B00EC47A8 /* BlindfoldChessApp.swift */ = {isa = PBXFileReference; lastKnownFileType = sourcecode.swift; path = BlindfoldChessApp.swift; sourceTree = "<group>"; };
		ED2132182815FD6B00EC47A8 /* ContentView.swift */ = {isa = PBXFileReference; lastKnownFileType = sourcecode.swift; path = ContentView.swift; sourceTree = "<group>"; };
		ED21321A2815FD6D00EC47A8 /* Assets.xcassets */ = {isa = PBXFileReference; lastKnownFileType = folder.assetcatalog; path = Assets.xcassets; sourceTree = "<group>"; };
		ED21321D2815FD6D00EC47A8 /* Preview Assets.xcassets */ = {isa = PBXFileReference; lastKnownFileType = folder.assetcatalog; path = "Preview Assets.xcassets"; sourceTree = "<group>"; };
/* End PBXFileReference section */

/* Begin PBXFrameworksBuildPhase section */
		ED2132102815FD6B00EC47A8 /* Frameworks */ = {
			isa = PBXFrameworksBuildPhase;
			buildActionMask = 2147483647;
			files = (
				E52B91592828F3650037B737 /* SwiftSpeech in Frameworks */,
				E52B91562828F3520037B737 /* SwiftChess in Frameworks */,
			);
			runOnlyForDeploymentPostprocessing = 0;
		};
/* End PBXFrameworksBuildPhase section */

/* Begin PBXGroup section */
		E5D615C8283B669B00AEC3A2 /* Views */ = {
			isa = PBXGroup;
			children = (
				E592A58C283232CC007FE4DC /* PieceView.swift */,
				E5D615C4283B64F200AEC3A2 /* ChessboardView.swift */,
				E52B91522828ECBB0037B737 /* PiecesView.swift */,
				ED2132182815FD6B00EC47A8 /* ContentView.swift */,
				E5D615CA283B72A100AEC3A2 /* SpeechView.swift */,
			);
			path = Views;
			sourceTree = "<group>";
		};
		ED21320A2815FD6B00EC47A8 = {
			isa = PBXGroup;
			children = (
				ED2132152815FD6B00EC47A8 /* BlindfoldChess */,
				ED2132142815FD6B00EC47A8 /* Products */,
			);
			sourceTree = "<group>";
		};
		ED2132142815FD6B00EC47A8 /* Products */ = {
			isa = PBXGroup;
			children = (
				ED2132132815FD6B00EC47A8 /* BlindfoldChess.app */,
			);
			name = Products;
			sourceTree = "<group>";
		};
		ED2132152815FD6B00EC47A8 /* BlindfoldChess */ = {
			isa = PBXGroup;
			children = (
				E5D615C8283B669B00AEC3A2 /* Views */,
				ED2132162815FD6B00EC47A8 /* BlindfoldChessApp.swift */,
				ED21321A2815FD6D00EC47A8 /* Assets.xcassets */,
				ED21321C2815FD6D00EC47A8 /* Preview Content */,
				E5D615C6283B667A00AEC3A2 /* Chessboard.swift */,
			);
			path = BlindfoldChess;
			sourceTree = "<group>";
		};
		ED21321C2815FD6D00EC47A8 /* Preview Content */ = {
			isa = PBXGroup;
			children = (
				ED21321D2815FD6D00EC47A8 /* Preview Assets.xcassets */,
			);
			path = "Preview Content";
			sourceTree = "<group>";
		};
/* End PBXGroup section */

/* Begin PBXNativeTarget section */
		ED2132122815FD6B00EC47A8 /* BlindfoldChess */ = {
			isa = PBXNativeTarget;
			buildConfigurationList = ED2132212815FD6D00EC47A8 /* Build configuration list for PBXNativeTarget "BlindfoldChess" */;
			buildPhases = (
				ED21320F2815FD6B00EC47A8 /* Sources */,
				ED2132102815FD6B00EC47A8 /* Frameworks */,
				ED2132112815FD6B00EC47A8 /* Resources */,
			);
			buildRules = (
			);
			dependencies = (
			);
			name = BlindfoldChess;
			packageProductDependencies = (
				E52B91552828F3520037B737 /* SwiftChess */,
				E52B91582828F3650037B737 /* SwiftSpeech */,
			);
			productName = BlindfoldChess;
			productReference = ED2132132815FD6B00EC47A8 /* BlindfoldChess.app */;
			productType = "com.apple.product-type.application";
		};
/* End PBXNativeTarget section */

/* Begin PBXProject section */
		ED21320B2815FD6B00EC47A8 /* Project object */ = {
			isa = PBXProject;
			attributes = {
				BuildIndependentTargetsInParallel = 1;
				LastSwiftUpdateCheck = 1330;
				LastUpgradeCheck = 1330;
				TargetAttributes = {
					ED2132122815FD6B00EC47A8 = {
						CreatedOnToolsVersion = 13.3.1;
					};
				};
			};
			buildConfigurationList = ED21320E2815FD6B00EC47A8 /* Build configuration list for PBXProject "BlindfoldChess" */;
			compatibilityVersion = "Xcode 13.0";
			developmentRegion = en;
			hasScannedForEncodings = 0;
			knownRegions = (
				en,
				Base,
			);
			mainGroup = ED21320A2815FD6B00EC47A8;
			packageReferences = (
				E52B91542828F3520037B737 /* XCRemoteSwiftPackageReference "SwiftChess" */,
				E52B91572828F3650037B737 /* XCRemoteSwiftPackageReference "SwiftSpeech" */,
			);
			productRefGroup = ED2132142815FD6B00EC47A8 /* Products */;
			projectDirPath = "";
			projectRoot = "";
			targets = (
				ED2132122815FD6B00EC47A8 /* BlindfoldChess */,
			);
		};
/* End PBXProject section */

/* Begin PBXResourcesBuildPhase section */
		ED2132112815FD6B00EC47A8 /* Resources */ = {
			isa = PBXResourcesBuildPhase;
			buildActionMask = 2147483647;
			files = (
				ED21321E2815FD6D00EC47A8 /* Preview Assets.xcassets in Resources */,
				ED21321B2815FD6D00EC47A8 /* Assets.xcassets in Resources */,
			);
			runOnlyForDeploymentPostprocessing = 0;
		};
/* End PBXResourcesBuildPhase section */

/* Begin PBXSourcesBuildPhase section */
		ED21320F2815FD6B00EC47A8 /* Sources */ = {
			isa = PBXSourcesBuildPhase;
			buildActionMask = 2147483647;
			files = (
				E52B91532828ECBB0037B737 /* PiecesView.swift in Sources */,
				E5D615C7283B667A00AEC3A2 /* Chessboard.swift in Sources */,
				ED2132192815FD6B00EC47A8 /* ContentView.swift in Sources */,
				E5D615CB283B72A100AEC3A2 /* SpeechView.swift in Sources */,
				E5D615C5283B64F200AEC3A2 /* ChessboardView.swift in Sources */,
				ED2132172815FD6B00EC47A8 /* BlindfoldChessApp.swift in Sources */,
				E592A58D283232CC007FE4DC /* PieceView.swift in Sources */,
			);
			runOnlyForDeploymentPostprocessing = 0;
		};
/* End PBXSourcesBuildPhase section */

/* Begin XCBuildConfiguration section */
		ED21321F2815FD6D00EC47A8 /* Debug */ = {
			isa = XCBuildConfiguration;
			buildSettings = {
				ALWAYS_SEARCH_USER_PATHS = NO;
				ASSETCATALOG_COMPILER_APPICON_NAME = "";
				CLANG_ANALYZER_NONNULL = YES;
				CLANG_ANALYZER_NUMBER_OBJECT_CONVERSION = YES_AGGRESSIVE;
				CLANG_CXX_LANGUAGE_STANDARD = "gnu++17";
				CLANG_ENABLE_MODULES = YES;
				CLANG_ENABLE_OBJC_ARC = YES;
				CLANG_ENABLE_OBJC_WEAK = YES;
				CLANG_WARN_BLOCK_CAPTURE_AUTORELEASING = YES;
				CLANG_WARN_BOOL_CONVERSION = YES;
				CLANG_WARN_COMMA = YES;
				CLANG_WARN_CONSTANT_CONVERSION = YES;
				CLANG_WARN_DEPRECATED_OBJC_IMPLEMENTATIONS = YES;
				CLANG_WARN_DIRECT_OBJC_ISA_USAGE = YES_ERROR;
				CLANG_WARN_DOCUMENTATION_COMMENTS = YES;
				CLANG_WARN_EMPTY_BODY = YES;
				CLANG_WARN_ENUM_CONVERSION = YES;
				CLANG_WARN_INFINITE_RECURSION = YES;
				CLANG_WARN_INT_CONVERSION = YES;
				CLANG_WARN_NON_LITERAL_NULL_CONVERSION = YES;
				CLANG_WARN_OBJC_IMPLICIT_RETAIN_SELF = YES;
				CLANG_WARN_OBJC_LITERAL_CONVERSION = YES;
				CLANG_WARN_OBJC_ROOT_CLASS = YES_ERROR;
				CLANG_WARN_QUOTED_INCLUDE_IN_FRAMEWORK_HEADER = YES;
				CLANG_WARN_RANGE_LOOP_ANALYSIS = YES;
				CLANG_WARN_STRICT_PROTOTYPES = YES;
				CLANG_WARN_SUSPICIOUS_MOVE = YES;
				CLANG_WARN_UNGUARDED_AVAILABILITY = YES_AGGRESSIVE;
				CLANG_WARN_UNREACHABLE_CODE = YES;
				CLANG_WARN__DUPLICATE_METHOD_MATCH = YES;
				COPY_PHASE_STRIP = NO;
				DEBUG_INFORMATION_FORMAT = dwarf;
				ENABLE_STRICT_OBJC_MSGSEND = YES;
				ENABLE_TESTABILITY = YES;
				GCC_C_LANGUAGE_STANDARD = gnu11;
				GCC_DYNAMIC_NO_PIC = NO;
				GCC_NO_COMMON_BLOCKS = YES;
				GCC_OPTIMIZATION_LEVEL = 0;
				GCC_PREPROCESSOR_DEFINITIONS = (
					"DEBUG=1",
					"$(inherited)",
				);
				GCC_WARN_64_TO_32_BIT_CONVERSION = YES;
				GCC_WARN_ABOUT_RETURN_TYPE = YES_ERROR;
				GCC_WARN_UNDECLARED_SELECTOR = YES;
				GCC_WARN_UNINITIALIZED_AUTOS = YES_AGGRESSIVE;
				GCC_WARN_UNUSED_FUNCTION = YES;
				GCC_WARN_UNUSED_VARIABLE = YES;
				IPHONEOS_DEPLOYMENT_TARGET = 15.4;
				MTL_ENABLE_DEBUG_INFO = INCLUDE_SOURCE;
				MTL_FAST_MATH = YES;
				ONLY_ACTIVE_ARCH = YES;
				SDKROOT = iphoneos;
				SWIFT_ACTIVE_COMPILATION_CONDITIONS = DEBUG;
				SWIFT_OPTIMIZATION_LEVEL = "-Onone";
			};
			name = Debug;
		};
		ED2132202815FD6D00EC47A8 /* Release */ = {
			isa = XCBuildConfiguration;
			buildSettings = {
				ALWAYS_SEARCH_USER_PATHS = NO;
				ASSETCATALOG_COMPILER_APPICON_NAME = "";
				CLANG_ANALYZER_NONNULL = YES;
				CLANG_ANALYZER_NUMBER_OBJECT_CONVERSION = YES_AGGRESSIVE;
				CLANG_CXX_LANGUAGE_STANDARD = "gnu++17";
				CLANG_ENABLE_MODULES = YES;
				CLANG_ENABLE_OBJC_ARC = YES;
				CLANG_ENABLE_OBJC_WEAK = YES;
				CLANG_WARN_BLOCK_CAPTURE_AUTORELEASING = YES;
				CLANG_WARN_BOOL_CONVERSION = YES;
				CLANG_WARN_COMMA = YES;
				CLANG_WARN_CONSTANT_CONVERSION = YES;
				CLANG_WARN_DEPRECATED_OBJC_IMPLEMENTATIONS = YES;
				CLANG_WARN_DIRECT_OBJC_ISA_USAGE = YES_ERROR;
				CLANG_WARN_DOCUMENTATION_COMMENTS = YES;
				CLANG_WARN_EMPTY_BODY = YES;
				CLANG_WARN_ENUM_CONVERSION = YES;
				CLANG_WARN_INFINITE_RECURSION = YES;
				CLANG_WARN_INT_CONVERSION = YES;
				CLANG_WARN_NON_LITERAL_NULL_CONVERSION = YES;
				CLANG_WARN_OBJC_IMPLICIT_RETAIN_SELF = YES;
				CLANG_WARN_OBJC_LITERAL_CONVERSION = YES;
				CLANG_WARN_OBJC_ROOT_CLASS = YES_ERROR;
				CLANG_WARN_QUOTED_INCLUDE_IN_FRAMEWORK_HEADER = YES;
				CLANG_WARN_RANGE_LOOP_ANALYSIS = YES;
				CLANG_WARN_STRICT_PROTOTYPES = YES;
				CLANG_WARN_SUSPICIOUS_MOVE = YES;
				CLANG_WARN_UNGUARDED_AVAILABILITY = YES_AGGRESSIVE;
				CLANG_WARN_UNREACHABLE_CODE = YES;
				CLANG_WARN__DUPLICATE_METHOD_MATCH = YES;
				COPY_PHASE_STRIP = NO;
				DEBUG_INFORMATION_FORMAT = "dwarf-with-dsym";
				ENABLE_NS_ASSERTIONS = NO;
				ENABLE_STRICT_OBJC_MSGSEND = YES;
				GCC_C_LANGUAGE_STANDARD = gnu11;
				GCC_NO_COMMON_BLOCKS = YES;
				GCC_WARN_64_TO_32_BIT_CONVERSION = YES;
				GCC_WARN_ABOUT_RETURN_TYPE = YES_ERROR;
				GCC_WARN_UNDECLARED_SELECTOR = YES;
				GCC_WARN_UNINITIALIZED_AUTOS = YES_AGGRESSIVE;
				GCC_WARN_UNUSED_FUNCTION = YES;
				GCC_WARN_UNUSED_VARIABLE = YES;
				IPHONEOS_DEPLOYMENT_TARGET = 15.4;
				MTL_ENABLE_DEBUG_INFO = NO;
				MTL_FAST_MATH = YES;
				SDKROOT = iphoneos;
				SWIFT_COMPILATION_MODE = wholemodule;
				SWIFT_OPTIMIZATION_LEVEL = "-O";
				VALIDATE_PRODUCT = YES;
			};
			name = Release;
		};
		ED2132222815FD6D00EC47A8 /* Debug */ = {
			isa = XCBuildConfiguration;
			buildSettings = {
				ASSETCATALOG_COMPILER_APPICON_NAME = AppIcon;
				ASSETCATALOG_COMPILER_GLOBAL_ACCENT_COLOR_NAME = AccentColor;
				CODE_SIGN_STYLE = Automatic;
				CURRENT_PROJECT_VERSION = 1;
				DEVELOPMENT_ASSET_PATHS = "\"BlindfoldChess/Preview Content\"";
				DEVELOPMENT_TEAM = KKG46J7UE8;
				ENABLE_PREVIEWS = YES;
				GENERATE_INFOPLIST_FILE = YES;
				INFOPLIST_KEY_NSSpeechRecognitionUsageDescription = "";
				INFOPLIST_KEY_UIApplicationSceneManifest_Generation = YES;
				INFOPLIST_KEY_UIApplicationSupportsIndirectInputEvents = YES;
				INFOPLIST_KEY_UILaunchScreen_Generation = YES;
				INFOPLIST_KEY_UISupportedInterfaceOrientations_iPad = "UIInterfaceOrientationPortrait UIInterfaceOrientationPortraitUpsideDown UIInterfaceOrientationLandscapeLeft UIInterfaceOrientationLandscapeRight";
				INFOPLIST_KEY_UISupportedInterfaceOrientations_iPhone = "UIInterfaceOrientationPortrait UIInterfaceOrientationLandscapeLeft UIInterfaceOrientationLandscapeRight";
				LD_RUNPATH_SEARCH_PATHS = (
					"$(inherited)",
					"@executable_path/Frameworks",
				);
				MARKETING_VERSION = 1.0;
				PRODUCT_BUNDLE_IDENTIFIER = co.angrynerds.BlindfoldChess;
				PRODUCT_NAME = "$(TARGET_NAME)";
				SWIFT_EMIT_LOC_STRINGS = YES;
				SWIFT_VERSION = 5.0;
				TARGETED_DEVICE_FAMILY = "1,2";
			};
			name = Debug;
		};
		ED2132232815FD6D00EC47A8 /* Release */ = {
			isa = XCBuildConfiguration;
			buildSettings = {
				ASSETCATALOG_COMPILER_APPICON_NAME = AppIcon;
				ASSETCATALOG_COMPILER_GLOBAL_ACCENT_COLOR_NAME = AccentColor;
				CODE_SIGN_STYLE = Automatic;
				CURRENT_PROJECT_VERSION = 1;
				DEVELOPMENT_ASSET_PATHS = "\"BlindfoldChess/Preview Content\"";
				DEVELOPMENT_TEAM = KKG46J7UE8;
				ENABLE_PREVIEWS = YES;
				GENERATE_INFOPLIST_FILE = YES;
				INFOPLIST_KEY_NSSpeechRecognitionUsageDescription = "";
				INFOPLIST_KEY_UIApplicationSceneManifest_Generation = YES;
				INFOPLIST_KEY_UIApplicationSupportsIndirectInputEvents = YES;
				INFOPLIST_KEY_UILaunchScreen_Generation = YES;
				INFOPLIST_KEY_UISupportedInterfaceOrientations_iPad = "UIInterfaceOrientationPortrait UIInterfaceOrientationPortraitUpsideDown UIInterfaceOrientationLandscapeLeft UIInterfaceOrientationLandscapeRight";
				INFOPLIST_KEY_UISupportedInterfaceOrientations_iPhone = "UIInterfaceOrientationPortrait UIInterfaceOrientationLandscapeLeft UIInterfaceOrientationLandscapeRight";
				LD_RUNPATH_SEARCH_PATHS = (
					"$(inherited)",
					"@executable_path/Frameworks",
				);
				MARKETING_VERSION = 1.0;
				PRODUCT_BUNDLE_IDENTIFIER = co.angrynerds.BlindfoldChess;
				PRODUCT_NAME = "$(TARGET_NAME)";
				SWIFT_EMIT_LOC_STRINGS = YES;
				SWIFT_VERSION = 5.0;
				TARGETED_DEVICE_FAMILY = "1,2";
			};
			name = Release;
		};
/* End XCBuildConfiguration section */

/* Begin XCConfigurationList section */
		ED21320E2815FD6B00EC47A8 /* Build configuration list for PBXProject "BlindfoldChess" */ = {
			isa = XCConfigurationList;
			buildConfigurations = (
				ED21321F2815FD6D00EC47A8 /* Debug */,
				ED2132202815FD6D00EC47A8 /* Release */,
			);
			defaultConfigurationIsVisible = 0;
			defaultConfigurationName = Release;
		};
		ED2132212815FD6D00EC47A8 /* Build configuration list for PBXNativeTarget "BlindfoldChess" */ = {
			isa = XCConfigurationList;
			buildConfigurations = (
				ED2132222815FD6D00EC47A8 /* Debug */,
				ED2132232815FD6D00EC47A8 /* Release */,
			);
			defaultConfigurationIsVisible = 0;
			defaultConfigurationName = Release;
		};
/* End XCConfigurationList section */

/* Begin XCRemoteSwiftPackageReference section */
		E52B91542828F3520037B737 /* XCRemoteSwiftPackageReference "SwiftChess" */ = {
			isa = XCRemoteSwiftPackageReference;
			repositoryURL = "https://github.com/SteveBarnegren/SwiftChess.git";
			requirement = {
				branch = master;
				kind = branch;
			};
		};
		E52B91572828F3650037B737 /* XCRemoteSwiftPackageReference "SwiftSpeech" */ = {
			isa = XCRemoteSwiftPackageReference;
			repositoryURL = "https://github.com/Cay-Zhang/SwiftSpeech";
			requirement = {
				branch = master;
				kind = branch;
			};
		};
/* End XCRemoteSwiftPackageReference section */

/* Begin XCSwiftPackageProductDependency section */
		E52B91552828F3520037B737 /* SwiftChess */ = {
			isa = XCSwiftPackageProductDependency;
			package = E52B91542828F3520037B737 /* XCRemoteSwiftPackageReference "SwiftChess" */;
			productName = SwiftChess;
		};
		E52B91582828F3650037B737 /* SwiftSpeech */ = {
			isa = XCSwiftPackageProductDependency;
			package = E52B91572828F3650037B737 /* XCRemoteSwiftPackageReference "SwiftSpeech" */;
			productName = SwiftSpeech;
		};
/* End XCSwiftPackageProductDependency section */
	};
	rootObject = ED21320B2815FD6B00EC47A8 /* Project object */;
}
